
Microsoft Visual Studio Solution File, Format Version 12.00
# Visual Studio Version 16
VisualStudioVersion = 16.0.31624.102
MinimumVisualStudioVersion = 10.0.40219.1
Project("{FAE04EC0-301F-11D3-BF4B-00C04F79EFBC}") = "WpfApp1", "WpfApp1.csproj", "{CBBF256F-FCA2-414E-8E23-574D9F8144EE}"
EndProject
Global
	GlobalSection(SolutionConfigurationPlatforms) = preSolution
		Debug|Any CPU = Debug|Any CPU
		Release|Any CPU = Release|Any CPU
	EndGlobalSection
	GlobalSection(ProjectConfigurationPlatforms) = postSolution
		{CBBF256F-FCA2-414E-8E23-574D9F8144EE}.Debug|Any CPU.ActiveCfg = Debug|Any CPU
		{CBBF256F-FCA2-414E-8E23-574D9F8144EE}.Debug|Any CPU.Build.0 = Debug|Any CPU
		{CBBF256F-FCA2-414E-8E23-574D9F8144EE}.Release|Any CPU.ActiveCfg = Release|Any CPU
		{CBBF256F-FCA2-414E-8E23-574D9F8144EE}.Release|Any CPU.Build.0 = Release|Any CPU
	EndGlobalSection
	GlobalSection(SolutionProperties) = preSolution
		HideSolutionNode = FALSE
	EndGlobalSection
	GlobalSection(ExtensibilityGlobals) = postSolution
		SolutionGuid = {E53BD523-9D26-49BB-A435-CF10F5A74264}
	EndGlobalSection
EndGlobal
